// !$*UTF8*$!
{
	archiveVersion = 1;
	classes = {
	};
	objectVersion = 56;
	objects = {

/* Begin PBXBuildFile section */
		B27028E62E39091F00B972EC /* Service.swift in Sources */ = {isa = PBXBuildFile; fileRef = B27028E52E39091F00B972EC /* Service.swift */; };
		B28B6A8E2E332191000DA55D /* LICENSE in Resources */ = {isa = PBXBuildFile; fileRef = B28B6A8D2E332191000DA55D /* LICENSE */; };
		B294B0332E38FCB6005E69D5 /* PokemonTableViewCell.swift in Sources */ = {isa = PBXBuildFile; fileRef = B294B0322E38FCB6005E69D5 /* PokemonTableViewCell.swift */; };
		B2A96D562E33078100D23ECF /* AppDelegate.swift in Sources */ = {isa = PBXBuildFile; fileRef = B2A96D552E33078100D23ECF /* AppDelegate.swift */; };
		B2A96D582E33078100D23ECF /* SceneDelegate.swift in Sources */ = {isa = PBXBuildFile; fileRef = B2A96D572E33078100D23ECF /* SceneDelegate.swift */; };
		B2A96D5A2E33078100D23ECF /* ViewController.swift in Sources */ = {isa = PBXBuildFile; fileRef = B2A96D592E33078100D23ECF /* ViewController.swift */; };
		B2A96D5F2E33078600D23ECF /* Assets.xcassets in Resources */ = {isa = PBXBuildFile; fileRef = B2A96D5E2E33078600D23ECF /* Assets.xcassets */; };
		B2A96D622E33078600D23ECF /* Base in Resources */ = {isa = PBXBuildFile; fileRef = B2A96D612E33078600D23ECF /* Base */; };
		B2A96D6B2E330A8100D23ECF /* Color+Extensions.swift in Sources */ = {isa = PBXBuildFile; fileRef = B2A96D6A2E330A8100D23ECF /* Color+Extensions.swift */; };
		B2A96D6D2E330B4D00D23ECF /* Image+Extensions.swift in Sources */ = {isa = PBXBuildFile; fileRef = B2A96D6C2E330B4D00D23ECF /* Image+Extensions.swift */; };
		B2A96D712E3312B500D23ECF /* SetsCollectionViewCell.swift in Sources */ = {isa = PBXBuildFile; fileRef = B2A96D702E3312B500D23ECF /* SetsCollectionViewCell.swift */; };
/* End PBXBuildFile section */

/* Begin PBXFileReference section */
		B27028E52E39091F00B972EC /* Service.swift */ = {isa = PBXFileReference; lastKnownFileType = sourcecode.swift; path = Service.swift; sourceTree = "<group>"; };
		B28B6A8C2E33216C000DA55D /* README.md */ = {isa = PBXFileReference; lastKnownFileType = net.daringfireball.markdown; path = README.md; sourceTree = "<group>"; };
		B28B6A8D2E332191000DA55D /* LICENSE */ = {isa = PBXFileReference; lastKnownFileType = text; path = LICENSE; sourceTree = "<group>"; };
		B294B0322E38FCB6005E69D5 /* PokemonTableViewCell.swift */ = {isa = PBXFileReference; lastKnownFileType = sourcecode.swift; path = PokemonTableViewCell.swift; sourceTree = "<group>"; };
		B2A96D522E33078100D23ECF /* Dexdeck.app */ = {isa = PBXFileReference; explicitFileType = wrapper.application; includeInIndex = 0; path = Dexdeck.app; sourceTree = BUILT_PRODUCTS_DIR; };
		B2A96D552E33078100D23ECF /* AppDelegate.swift */ = {isa = PBXFileReference; lastKnownFileType = sourcecode.swift; path = AppDelegate.swift; sourceTree = "<group>"; };
		B2A96D572E33078100D23ECF /* SceneDelegate.swift */ = {isa = PBXFileReference; lastKnownFileType = sourcecode.swift; path = SceneDelegate.swift; sourceTree = "<group>"; };
		B2A96D592E33078100D23ECF /* ViewController.swift */ = {isa = PBXFileReference; lastKnownFileType = sourcecode.swift; path = ViewController.swift; sourceTree = "<group>"; };
		B2A96D5E2E33078600D23ECF /* Assets.xcassets */ = {isa = PBXFileReference; lastKnownFileType = folder.assetcatalog; path = Assets.xcassets; sourceTree = "<group>"; };
		B2A96D612E33078600D23ECF /* Base */ = {isa = PBXFileReference; lastKnownFileType = file.storyboard; name = Base; path = Base.lproj/LaunchScreen.storyboard; sourceTree = "<group>"; };
		B2A96D632E33078600D23ECF /* Info.plist */ = {isa = PBXFileReference; lastKnownFileType = text.plist.xml; path = Info.plist; sourceTree = "<group>"; };
		B2A96D6A2E330A8100D23ECF /* Color+Extensions.swift */ = {isa = PBXFileReference; lastKnownFileType = sourcecode.swift; path = "Color+Extensions.swift"; sourceTree = "<group>"; };
		B2A96D6C2E330B4D00D23ECF /* Image+Extensions.swift */ = {isa = PBXFileReference; lastKnownFileType = sourcecode.swift; path = "Image+Extensions.swift"; sourceTree = "<group>"; };
		B2A96D702E3312B500D23ECF /* SetsCollectionViewCell.swift */ = {isa = PBXFileReference; lastKnownFileType = sourcecode.swift; path = SetsCollectionViewCell.swift; sourceTree = "<group>"; };
/* End PBXFileReference section */

/* Begin PBXFrameworksBuildPhase section */
		B2A96D4F2E33078100D23ECF /* Frameworks */ = {
			isa = PBXFrameworksBuildPhase;
			buildActionMask = 2147483647;
			files = (
			);
			runOnlyForDeploymentPostprocessing = 0;
		};
/* End PBXFrameworksBuildPhase section */

/* Begin PBXGroup section */
		B27028E42E3908CB00B972EC /* Services */ = {
			isa = PBXGroup;
			children = (
				B27028E52E39091F00B972EC /* Service.swift */,
			);
			path = Services;
			sourceTree = "<group>";
		};
		B2A96D492E33078100D23ECF = {
			isa = PBXGroup;
			children = (
				B28B6A8C2E33216C000DA55D /* README.md */,
				B28B6A8D2E332191000DA55D /* LICENSE */,
				B2A96D542E33078100D23ECF /* Dexdeck */,
				B2A96D532E33078100D23ECF /* Products */,
			);
			sourceTree = "<group>";
		};
		B2A96D532E33078100D23ECF /* Products */ = {
			isa = PBXGroup;
			children = (
				B2A96D522E33078100D23ECF /* Dexdeck.app */,
			);
			name = Products;
			sourceTree = "<group>";
		};
		B2A96D542E33078100D23ECF /* Dexdeck */ = {
			isa = PBXGroup;
			children = (
				B27028E42E3908CB00B972EC /* Services */,
				B2A96D6E2E33127A00D23ECF /* Views */,
				B2A96D692E330A6500D23ECF /* Extesions */,
				B2A96D552E33078100D23ECF /* AppDelegate.swift */,
				B2A96D572E33078100D23ECF /* SceneDelegate.swift */,
				B2A96D592E33078100D23ECF /* ViewController.swift */,
				B2A96D5E2E33078600D23ECF /* Assets.xcassets */,
				B2A96D602E33078600D23ECF /* LaunchScreen.storyboard */,
				B2A96D632E33078600D23ECF /* Info.plist */,
			);
			path = Dexdeck;
			sourceTree = "<group>";
		};
		B2A96D692E330A6500D23ECF /* Extesions */ = {
			isa = PBXGroup;
			children = (
				B2A96D6A2E330A8100D23ECF /* Color+Extensions.swift */,
				B2A96D6C2E330B4D00D23ECF /* Image+Extensions.swift */,
			);
			path = Extesions;
			sourceTree = "<group>";
		};
		B2A96D6E2E33127A00D23ECF /* Views */ = {
			isa = PBXGroup;
			children = (
				B2A96D6F2E33128200D23ECF /* Cells */,
			);
			path = Views;
			sourceTree = "<group>";
		};
		B2A96D6F2E33128200D23ECF /* Cells */ = {
			isa = PBXGroup;
			children = (
				B294B0322E38FCB6005E69D5 /* PokemonTableViewCell.swift */,
				B2A96D702E3312B500D23ECF /* SetsCollectionViewCell.swift */,
			);
			path = Cells;
			sourceTree = "<group>";
		};
/* End PBXGroup section */

/* Begin PBXNativeTarget section */
		B2A96D512E33078100D23ECF /* Dexdeck */ = {
			isa = PBXNativeTarget;
			buildConfigurationList = B2A96D662E33078600D23ECF /* Build configuration list for PBXNativeTarget "Dexdeck" */;
			buildPhases = (
				B2A96D4E2E33078100D23ECF /* Sources */,
				B2A96D4F2E33078100D23ECF /* Frameworks */,
				B2A96D502E33078100D23ECF /* Resources */,
			);
			buildRules = (
			);
			dependencies = (
			);
			name = Dexdeck;
			productName = Dexdeck;
			productReference = B2A96D522E33078100D23ECF /* Dexdeck.app */;
			productType = "com.apple.product-type.application";
		};
/* End PBXNativeTarget section */

/* Begin PBXProject section */
		B2A96D4A2E33078100D23ECF /* Project object */ = {
			isa = PBXProject;
			attributes = {
				BuildIndependentTargetsInParallel = 1;
				LastSwiftUpdateCheck = 1540;
				LastUpgradeCheck = 1540;
				TargetAttributes = {
					B2A96D512E33078100D23ECF = {
						CreatedOnToolsVersion = 15.4;
					};
				};
			};
			buildConfigurationList = B2A96D4D2E33078100D23ECF /* Build configuration list for PBXProject "Dexdeck" */;
			compatibilityVersion = "Xcode 14.0";
			developmentRegion = en;
			hasScannedForEncodings = 0;
			knownRegions = (
				en,
				Base,
			);
			mainGroup = B2A96D492E33078100D23ECF;
			productRefGroup = B2A96D532E33078100D23ECF /* Products */;
			projectDirPath = "";
			projectRoot = "";
			targets = (
				B2A96D512E33078100D23ECF /* Dexdeck */,
			);
		};
/* End PBXProject section */

/* Begin PBXResourcesBuildPhase section */
		B2A96D502E33078100D23ECF /* Resources */ = {
			isa = PBXResourcesBuildPhase;
			buildActionMask = 2147483647;
			files = (
				B28B6A8E2E332191000DA55D /* LICENSE in Resources */,
				B2A96D5F2E33078600D23ECF /* Assets.xcassets in Resources */,
				B2A96D622E33078600D23ECF /* Base in Resources */,
			);
			runOnlyForDeploymentPostprocessing = 0;
		};
/* End PBXResourcesBuildPhase section */

/* Begin PBXSourcesBuildPhase section */
		B2A96D4E2E33078100D23ECF /* Sources */ = {
			isa = PBXSourcesBuildPhase;
			buildActionMask = 2147483647;
			files = (
				B2A96D5A2E33078100D23ECF /* ViewController.swift in Sources */,
				B27028E62E39091F00B972EC /* Service.swift in Sources */,
				B294B0332E38FCB6005E69D5 /* PokemonTableViewCell.swift in Sources */,
				B2A96D712E3312B500D23ECF /* SetsCollectionViewCell.swift in Sources */,
				B2A96D6D2E330B4D00D23ECF /* Image+Extensions.swift in Sources */,
				B2A96D562E33078100D23ECF /* AppDelegate.swift in Sources */,
				B2A96D582E33078100D23ECF /* SceneDelegate.swift in Sources */,
				B2A96D6B2E330A8100D23ECF /* Color+Extensions.swift in Sources */,
			);
			runOnlyForDeploymentPostprocessing = 0;
		};
/* End PBXSourcesBuildPhase section */

/* Begin PBXVariantGroup section */
		B2A96D602E33078600D23ECF /* LaunchScreen.storyboard */ = {
			isa = PBXVariantGroup;
			children = (
				B2A96D612E33078600D23ECF /* Base */,
			);
			name = LaunchScreen.storyboard;
			sourceTree = "<group>";
		};
/* End PBXVariantGroup section */

/* Begin XCBuildConfiguration section */
		B2A96D642E33078600D23ECF /* Debug */ = {
			isa = XCBuildConfiguration;
			buildSettings = {
				ALWAYS_SEARCH_USER_PATHS = NO;
				ASSETCATALOG_COMPILER_GENERATE_SWIFT_ASSET_SYMBOL_EXTENSIONS = YES;
				CLANG_ANALYZER_NONNULL = YES;
				CLANG_ANALYZER_NUMBER_OBJECT_CONVERSION = YES_AGGRESSIVE;
				CLANG_CXX_LANGUAGE_STANDARD = "gnu++20";
				CLANG_ENABLE_MODULES = YES;
				CLANG_ENABLE_OBJC_ARC = YES;
				CLANG_ENABLE_OBJC_WEAK = YES;
				CLANG_WARN_BLOCK_CAPTURE_AUTORELEASING = YES;
				CLANG_WARN_BOOL_CONVERSION = YES;
				CLANG_WARN_COMMA = YES;
				CLANG_WARN_CONSTANT_CONVERSION = YES;
				CLANG_WARN_DEPRECATED_OBJC_IMPLEMENTATIONS = YES;
				CLANG_WARN_DIRECT_OBJC_ISA_USAGE = YES_ERROR;
				CLANG_WARN_DOCUMENTATION_COMMENTS = YES;
				CLANG_WARN_EMPTY_BODY = YES;
				CLANG_WARN_ENUM_CONVERSION = YES;
				CLANG_WARN_INFINITE_RECURSION = YES;
				CLANG_WARN_INT_CONVERSION = YES;
				CLANG_WARN_NON_LITERAL_NULL_CONVERSION = YES;
				CLANG_WARN_OBJC_IMPLICIT_RETAIN_SELF = YES;
				CLANG_WARN_OBJC_LITERAL_CONVERSION = YES;
				CLANG_WARN_OBJC_ROOT_CLASS = YES_ERROR;
				CLANG_WARN_QUOTED_INCLUDE_IN_FRAMEWORK_HEADER = YES;
				CLANG_WARN_RANGE_LOOP_ANALYSIS = YES;
				CLANG_WARN_STRICT_PROTOTYPES = YES;
				CLANG_WARN_SUSPICIOUS_MOVE = YES;
				CLANG_WARN_UNGUARDED_AVAILABILITY = YES_AGGRESSIVE;
				CLANG_WARN_UNREACHABLE_CODE = YES;
				CLANG_WARN__DUPLICATE_METHOD_MATCH = YES;
				COPY_PHASE_STRIP = NO;
				DEBUG_INFORMATION_FORMAT = dwarf;
				ENABLE_STRICT_OBJC_MSGSEND = YES;
				ENABLE_TESTABILITY = YES;
				ENABLE_USER_SCRIPT_SANDBOXING = YES;
				GCC_C_LANGUAGE_STANDARD = gnu17;
				GCC_DYNAMIC_NO_PIC = NO;
				GCC_NO_COMMON_BLOCKS = YES;
				GCC_OPTIMIZATION_LEVEL = 0;
				GCC_PREPROCESSOR_DEFINITIONS = (
					"DEBUG=1",
					"$(inherited)",
				);
				GCC_WARN_64_TO_32_BIT_CONVERSION = YES;
				GCC_WARN_ABOUT_RETURN_TYPE = YES_ERROR;
				GCC_WARN_UNDECLARED_SELECTOR = YES;
				GCC_WARN_UNINITIALIZED_AUTOS = YES_AGGRESSIVE;
				GCC_WARN_UNUSED_FUNCTION = YES;
				GCC_WARN_UNUSED_VARIABLE = YES;
				IPHONEOS_DEPLOYMENT_TARGET = 17.5;
				LOCALIZATION_PREFERS_STRING_CATALOGS = YES;
				MTL_ENABLE_DEBUG_INFO = INCLUDE_SOURCE;
				MTL_FAST_MATH = YES;
				ONLY_ACTIVE_ARCH = YES;
				SDKROOT = iphoneos;
				SWIFT_ACTIVE_COMPILATION_CONDITIONS = "DEBUG $(inherited)";
				SWIFT_OPTIMIZATION_LEVEL = "-Onone";
			};
			name = Debug;
		};
		B2A96D652E33078600D23ECF /* Release */ = {
			isa = XCBuildConfiguration;
			buildSettings = {
				ALWAYS_SEARCH_USER_PATHS = NO;
				ASSETCATALOG_COMPILER_GENERATE_SWIFT_ASSET_SYMBOL_EXTENSIONS = YES;
				CLANG_ANALYZER_NONNULL = YES;
				CLANG_ANALYZER_NUMBER_OBJECT_CONVERSION = YES_AGGRESSIVE;
				CLANG_CXX_LANGUAGE_STANDARD = "gnu++20";
				CLANG_ENABLE_MODULES = YES;
				CLANG_ENABLE_OBJC_ARC = YES;
				CLANG_ENABLE_OBJC_WEAK = YES;
				CLANG_WARN_BLOCK_CAPTURE_AUTORELEASING = YES;
				CLANG_WARN_BOOL_CONVERSION = YES;
				CLANG_WARN_COMMA = YES;
				CLANG_WARN_CONSTANT_CONVERSION = YES;
				CLANG_WARN_DEPRECATED_OBJC_IMPLEMENTATIONS = YES;
				CLANG_WARN_DIRECT_OBJC_ISA_USAGE = YES_ERROR;
				CLANG_WARN_DOCUMENTATION_COMMENTS = YES;
				CLANG_WARN_EMPTY_BODY = YES;
				CLANG_WARN_ENUM_CONVERSION = YES;
				CLANG_WARN_INFINITE_RECURSION = YES;
				CLANG_WARN_INT_CONVERSION = YES;
				CLANG_WARN_NON_LITERAL_NULL_CONVERSION = YES;
				CLANG_WARN_OBJC_IMPLICIT_RETAIN_SELF = YES;
				CLANG_WARN_OBJC_LITERAL_CONVERSION = YES;
				CLANG_WARN_OBJC_ROOT_CLASS = YES_ERROR;
				CLANG_WARN_QUOTED_INCLUDE_IN_FRAMEWORK_HEADER = YES;
				CLANG_WARN_RANGE_LOOP_ANALYSIS = YES;
				CLANG_WARN_STRICT_PROTOTYPES = YES;
				CLANG_WARN_SUSPICIOUS_MOVE = YES;
				CLANG_WARN_UNGUARDED_AVAILABILITY = YES_AGGRESSIVE;
				CLANG_WARN_UNREACHABLE_CODE = YES;
				CLANG_WARN__DUPLICATE_METHOD_MATCH = YES;
				COPY_PHASE_STRIP = NO;
				DEBUG_INFORMATION_FORMAT = "dwarf-with-dsym";
				ENABLE_NS_ASSERTIONS = NO;
				ENABLE_STRICT_OBJC_MSGSEND = YES;
				ENABLE_USER_SCRIPT_SANDBOXING = YES;
				GCC_C_LANGUAGE_STANDARD = gnu17;
				GCC_NO_COMMON_BLOCKS = YES;
				GCC_WARN_64_TO_32_BIT_CONVERSION = YES;
				GCC_WARN_ABOUT_RETURN_TYPE = YES_ERROR;
				GCC_WARN_UNDECLARED_SELECTOR = YES;
				GCC_WARN_UNINITIALIZED_AUTOS = YES_AGGRESSIVE;
				GCC_WARN_UNUSED_FUNCTION = YES;
				GCC_WARN_UNUSED_VARIABLE = YES;
				IPHONEOS_DEPLOYMENT_TARGET = 17.5;
				LOCALIZATION_PREFERS_STRING_CATALOGS = YES;
				MTL_ENABLE_DEBUG_INFO = NO;
				MTL_FAST_MATH = YES;
				SDKROOT = iphoneos;
				SWIFT_COMPILATION_MODE = wholemodule;
				VALIDATE_PRODUCT = YES;
			};
			name = Release;
		};
		B2A96D672E33078600D23ECF /* Debug */ = {
			isa = XCBuildConfiguration;
			buildSettings = {
				ASSETCATALOG_COMPILER_APPICON_NAME = AppIcon;
				ASSETCATALOG_COMPILER_GLOBAL_ACCENT_COLOR_NAME = AccentColor;
				CODE_SIGN_STYLE = Automatic;
				CURRENT_PROJECT_VERSION = 1;
				DEVELOPMENT_TEAM = 2X6632G5BK;
				GENERATE_INFOPLIST_FILE = YES;
				INFOPLIST_FILE = Dexdeck/Info.plist;
				INFOPLIST_KEY_UIApplicationSupportsIndirectInputEvents = YES;
				INFOPLIST_KEY_UILaunchStoryboardName = LaunchScreen;
				INFOPLIST_KEY_UISupportedInterfaceOrientations_iPad = "UIInterfaceOrientationPortrait UIInterfaceOrientationPortraitUpsideDown UIInterfaceOrientationLandscapeLeft UIInterfaceOrientationLandscapeRight";
				INFOPLIST_KEY_UISupportedInterfaceOrientations_iPhone = "UIInterfaceOrientationPortrait UIInterfaceOrientationLandscapeLeft UIInterfaceOrientationLandscapeRight";
				LD_RUNPATH_SEARCH_PATHS = (
					"$(inherited)",
					"@executable_path/Frameworks",
				);
				MARKETING_VERSION = 1.0;
				PRODUCT_BUNDLE_IDENTIFIER = io.github.bersoncrios.Dexdeck;
				PRODUCT_NAME = "$(TARGET_NAME)";
				SWIFT_EMIT_LOC_STRINGS = YES;
				SWIFT_VERSION = 5.0;
				TARGETED_DEVICE_FAMILY = "1,2";
			};
			name = Debug;
		};
		B2A96D682E33078600D23ECF /* Release */ = {
			isa = XCBuildConfiguration;
			buildSettings = {
				ASSETCATALOG_COMPILER_APPICON_NAME = AppIcon;
				ASSETCATALOG_COMPILER_GLOBAL_ACCENT_COLOR_NAME = AccentColor;
				CODE_SIGN_STYLE = Automatic;
				CURRENT_PROJECT_VERSION = 1;
				DEVELOPMENT_TEAM = 2X6632G5BK;
				GENERATE_INFOPLIST_FILE = YES;
				INFOPLIST_FILE = Dexdeck/Info.plist;
				INFOPLIST_KEY_UIApplicationSupportsIndirectInputEvents = YES;
				INFOPLIST_KEY_UILaunchStoryboardName = LaunchScreen;
				INFOPLIST_KEY_UISupportedInterfaceOrientations_iPad = "UIInterfaceOrientationPortrait UIInterfaceOrientationPortraitUpsideDown UIInterfaceOrientationLandscapeLeft UIInterfaceOrientationLandscapeRight";
				INFOPLIST_KEY_UISupportedInterfaceOrientations_iPhone = "UIInterfaceOrientationPortrait UIInterfaceOrientationLandscapeLeft UIInterfaceOrientationLandscapeRight";
				LD_RUNPATH_SEARCH_PATHS = (
					"$(inherited)",
					"@executable_path/Frameworks",
				);
				MARKETING_VERSION = 1.0;
				PRODUCT_BUNDLE_IDENTIFIER = io.github.bersoncrios.Dexdeck;
				PRODUCT_NAME = "$(TARGET_NAME)";
				SWIFT_EMIT_LOC_STRINGS = YES;
				SWIFT_VERSION = 5.0;
				TARGETED_DEVICE_FAMILY = "1,2";
			};
			name = Release;
		};
/* End XCBuildConfiguration section */

/* Begin XCConfigurationList section */
		B2A96D4D2E33078100D23ECF /* Build configuration list for PBXProject "Dexdeck" */ = {
			isa = XCConfigurationList;
			buildConfigurations = (
				B2A96D642E33078600D23ECF /* Debug */,
				B2A96D652E33078600D23ECF /* Release */,
			);
			defaultConfigurationIsVisible = 0;
			defaultConfigurationName = Release;
		};
		B2A96D662E33078600D23ECF /* Build configuration list for PBXNativeTarget "Dexdeck" */ = {
			isa = XCConfigurationList;
			buildConfigurations = (
				B2A96D672E33078600D23ECF /* Debug */,
				B2A96D682E33078600D23ECF /* Release */,
			);
			defaultConfigurationIsVisible = 0;
			defaultConfigurationName = Release;
		};
/* End XCConfigurationList section */
	};
	rootObject = B2A96D4A2E33078100D23ECF /* Project object */;
}
